
Microsoft Visual Studio Solution File, Format Version 12.00
# Visual Studio Version 17
VisualStudioVersion = 17.2.32616.157
MinimumVisualStudioVersion = 10.0.40219.1
Project("{FAE04EC0-301F-11D3-BF4B-00C04F79EFBC}") = "ZooTest", "ZooTest.csproj", "{C5329589-1870-4B72-A023-87DBCEB1740C}"
EndProject
Global
	GlobalSection(SolutionConfigurationPlatforms) = preSolution
		Debug|Any CPU = Debug|Any CPU
		Release|Any CPU = Release|Any CPU
	EndGlobalSection
	GlobalSection(ProjectConfigurationPlatforms) = postSolution
		{C5329589-1870-4B72-A023-87DBCEB1740C}.Debug|Any CPU.ActiveCfg = Debug|Any CPU
		{C5329589-1870-4B72-A023-87DBCEB1740C}.Debug|Any CPU.Build.0 = Debug|Any CPU
		{C5329589-1870-4B72-A023-87DBCEB1740C}.Release|Any CPU.ActiveCfg = Release|Any CPU
		{C5329589-1870-4B72-A023-87DBCEB1740C}.Release|Any CPU.Build.0 = Release|Any CPU
	EndGlobalSection
	GlobalSection(SolutionProperties) = preSolution
		HideSolutionNode = FALSE
	EndGlobalSection
	GlobalSection(ExtensibilityGlobals) = postSolution
		SolutionGuid = {9FD5EF03-3C3A-44D2-98C3-8B54C1693BCE}
	EndGlobalSection
EndGlobal
